
Microsoft Visual Studio Solution File, Format Version 12.00
# Visual Studio Version 17
VisualStudioVersion = 17.9.34902.65
MinimumVisualStudioVersion = 10.0.40219.1
Project("{2150E333-8FDC-42A3-9474-1A3956D46DE8}") = "PP-Infraestructura", "PP-Infraestructura", "{4C5A6F38-38EA-492C-AE86-DA9D5E72438D}"
EndProject
Project("{9A19103F-16F7-4668-BE54-9A1E7A4F7556}") = "PP-Infraestructura", "PP-Infraestructura\PP-Infraestructura.csproj", "{C662ED72-F3B0-484F-97D1-C5408BA697B0}"
EndProject
Project("{2150E333-8FDC-42A3-9474-1A3956D46DE8}") = "PP-Dominio", "PP-Dominio", "{7D71400E-2EDE-4FEA-99D5-7D0E63DB0C8A}"
EndProject
Project("{9A19103F-16F7-4668-BE54-9A1E7A4F7556}") = "PP-Dominio", "PP-Dominio\PP-Dominio.csproj", "{430A7282-2470-4E15-B6B8-CB0CE1860AD0}"
EndProject
Project("{2150E333-8FDC-42A3-9474-1A3956D46DE8}") = "PP-Conexion", "PP-Conexion", "{5D0AF997-9879-489A-9CAB-C6B2407643EE}"
EndProject
Project("{9A19103F-16F7-4668-BE54-9A1E7A4F7556}") = "PP-Conexion", "PP-Conexion\PP-Conexion.csproj", "{A4B63BB9-51F2-4BF3-964F-A1DD55A69084}"
EndProject
Project("{2150E333-8FDC-42A3-9474-1A3956D46DE8}") = "PP-Api", "PP-Api", "{5F06614D-8907-4FB3-BFC2-31E9891ECFF8}"
EndProject
Project("{9A19103F-16F7-4668-BE54-9A1E7A4F7556}") = "PP-Api", "PP-Api\PP-Api.csproj", "{FB957224-570E-4698-A387-646BBE2CA5EA}"
EndProject
Project("{2150E333-8FDC-42A3-9474-1A3956D46DE8}") = "PP-Servicios", "PP-Servicios", "{611E7313-782A-41FF-B03E-C3F0F065479B}"
EndProject
Project("{FAE04EC0-301F-11D3-BF4B-00C04F79EFBC}") = "PP-Servicios", "PP-Servicios\PP-Servicios.csproj", "{00345121-9D66-4AC7-B081-AB8C86F8DA32}"
EndProject
Project("{2150E333-8FDC-42A3-9474-1A3956D46DE8}") = "PP-Tests", "PP-Tests", "{CE6D1776-4E19-4C62-BACE-775ECBBB8F4A}"
EndProject
Project("{FAE04EC0-301F-11D3-BF4B-00C04F79EFBC}") = "PP-Tests", "PP-Tests\PP-Tests.csproj", "{A3AE760E-02AA-44AE-96B7-A86D5C4EB0CD}"
EndProject
Global
	GlobalSection(SolutionConfigurationPlatforms) = preSolution
		Debug|Any CPU = Debug|Any CPU
		Release|Any CPU = Release|Any CPU
	EndGlobalSection
	GlobalSection(ProjectConfigurationPlatforms) = postSolution
		{C662ED72-F3B0-484F-97D1-C5408BA697B0}.Debug|Any CPU.ActiveCfg = Debug|Any CPU
		{C662ED72-F3B0-484F-97D1-C5408BA697B0}.Debug|Any CPU.Build.0 = Debug|Any CPU
		{C662ED72-F3B0-484F-97D1-C5408BA697B0}.Release|Any CPU.ActiveCfg = Release|Any CPU
		{C662ED72-F3B0-484F-97D1-C5408BA697B0}.Release|Any CPU.Build.0 = Release|Any CPU
		{430A7282-2470-4E15-B6B8-CB0CE1860AD0}.Debug|Any CPU.ActiveCfg = Debug|Any CPU
		{430A7282-2470-4E15-B6B8-CB0CE1860AD0}.Debug|Any CPU.Build.0 = Debug|Any CPU
		{430A7282-2470-4E15-B6B8-CB0CE1860AD0}.Release|Any CPU.ActiveCfg = Release|Any CPU
		{430A7282-2470-4E15-B6B8-CB0CE1860AD0}.Release|Any CPU.Build.0 = Release|Any CPU
		{A4B63BB9-51F2-4BF3-964F-A1DD55A69084}.Debug|Any CPU.ActiveCfg = Debug|Any CPU
		{A4B63BB9-51F2-4BF3-964F-A1DD55A69084}.Debug|Any CPU.Build.0 = Debug|Any CPU
		{A4B63BB9-51F2-4BF3-964F-A1DD55A69084}.Release|Any CPU.ActiveCfg = Release|Any CPU
		{A4B63BB9-51F2-4BF3-964F-A1DD55A69084}.Release|Any CPU.Build.0 = Release|Any CPU
		{FB957224-570E-4698-A387-646BBE2CA5EA}.Debug|Any CPU.ActiveCfg = Debug|Any CPU
		{FB957224-570E-4698-A387-646BBE2CA5EA}.Debug|Any CPU.Build.0 = Debug|Any CPU
		{FB957224-570E-4698-A387-646BBE2CA5EA}.Release|Any CPU.ActiveCfg = Release|Any CPU
		{FB957224-570E-4698-A387-646BBE2CA5EA}.Release|Any CPU.Build.0 = Release|Any CPU
		{00345121-9D66-4AC7-B081-AB8C86F8DA32}.Debug|Any CPU.ActiveCfg = Debug|Any CPU
		{00345121-9D66-4AC7-B081-AB8C86F8DA32}.Debug|Any CPU.Build.0 = Debug|Any CPU
		{00345121-9D66-4AC7-B081-AB8C86F8DA32}.Release|Any CPU.ActiveCfg = Release|Any CPU
		{00345121-9D66-4AC7-B081-AB8C86F8DA32}.Release|Any CPU.Build.0 = Release|Any CPU
		{A3AE760E-02AA-44AE-96B7-A86D5C4EB0CD}.Debug|Any CPU.ActiveCfg = Debug|Any CPU
		{A3AE760E-02AA-44AE-96B7-A86D5C4EB0CD}.Debug|Any CPU.Build.0 = Debug|Any CPU
		{A3AE760E-02AA-44AE-96B7-A86D5C4EB0CD}.Release|Any CPU.ActiveCfg = Release|Any CPU
		{A3AE760E-02AA-44AE-96B7-A86D5C4EB0CD}.Release|Any CPU.Build.0 = Release|Any CPU
	EndGlobalSection
	GlobalSection(SolutionProperties) = preSolution
		HideSolutionNode = FALSE
	EndGlobalSection
	GlobalSection(NestedProjects) = preSolution
		{C662ED72-F3B0-484F-97D1-C5408BA697B0} = {4C5A6F38-38EA-492C-AE86-DA9D5E72438D}
		{430A7282-2470-4E15-B6B8-CB0CE1860AD0} = {7D71400E-2EDE-4FEA-99D5-7D0E63DB0C8A}
		{A4B63BB9-51F2-4BF3-964F-A1DD55A69084} = {5D0AF997-9879-489A-9CAB-C6B2407643EE}
		{FB957224-570E-4698-A387-646BBE2CA5EA} = {5F06614D-8907-4FB3-BFC2-31E9891ECFF8}
		{00345121-9D66-4AC7-B081-AB8C86F8DA32} = {611E7313-782A-41FF-B03E-C3F0F065479B}
		{A3AE760E-02AA-44AE-96B7-A86D5C4EB0CD} = {CE6D1776-4E19-4C62-BACE-775ECBBB8F4A}
	EndGlobalSection
	GlobalSection(ExtensibilityGlobals) = postSolution
		SolutionGuid = {1BFEA2EA-19A2-4CEE-BDA0-A853D986E6D6}
	EndGlobalSection
EndGlobal
